
Microsoft Visual Studio Solution File, Format Version 12.00
Project("{FAE04EC0-301F-11D3-BF4B-00C04F79EFBC}") = "Program", "src\Program\Program.csproj", "{1DA30603-224D-40D4-B84A-7592857BAD0A}"
EndProject
Project("{2150E333-8FDC-42A3-9474-1A3956D46DE8}") = "src", "src", "{3505ED5A-BAF6-4E27-8B39-5405603ACA44}"
EndProject
Project("{2150E333-8FDC-42A3-9474-1A3956D46DE8}") = "test", "test", "{69347111-3774-4E36-A631-F3CF3A951C6A}"
EndProject
Project("{FAE04EC0-301F-11D3-BF4B-00C04F79EFBC}") = "LibraryTest", "test\LibraryTest\LibraryTest.csproj", "{4FCA3A26-A06D-4BB7-9AC4-7495E7BE581B}"
EndProject
Project("{FAE04EC0-301F-11D3-BF4B-00C04F79EFBC}") = "Library", "src\Library\Library.csproj", "{3EF73B1B-F557-459E-BD10-B40BCD100D70}"
EndProject
Global
	GlobalSection(SolutionConfigurationPlatforms) = preSolution
		Debug|Any CPU = Debug|Any CPU
		Release|Any CPU = Release|Any CPU
	EndGlobalSection
	GlobalSection(ProjectConfigurationPlatforms) = postSolution
		{1DA30603-224D-40D4-B84A-7592857BAD0A}.Debug|Any CPU.ActiveCfg = Debug|Any CPU
		{1DA30603-224D-40D4-B84A-7592857BAD0A}.Debug|Any CPU.Build.0 = Debug|Any CPU
		{1DA30603-224D-40D4-B84A-7592857BAD0A}.Release|Any CPU.ActiveCfg = Release|Any CPU
		{1DA30603-224D-40D4-B84A-7592857BAD0A}.Release|Any CPU.Build.0 = Release|Any CPU
		{4FCA3A26-A06D-4BB7-9AC4-7495E7BE581B}.Debug|Any CPU.ActiveCfg = Debug|Any CPU
		{4FCA3A26-A06D-4BB7-9AC4-7495E7BE581B}.Debug|Any CPU.Build.0 = Debug|Any CPU
		{4FCA3A26-A06D-4BB7-9AC4-7495E7BE581B}.Release|Any CPU.ActiveCfg = Release|Any CPU
		{4FCA3A26-A06D-4BB7-9AC4-7495E7BE581B}.Release|Any CPU.Build.0 = Release|Any CPU
		{3EF73B1B-F557-459E-BD10-B40BCD100D70}.Debug|Any CPU.ActiveCfg = Debug|Any CPU
		{3EF73B1B-F557-459E-BD10-B40BCD100D70}.Debug|Any CPU.Build.0 = Debug|Any CPU
		{3EF73B1B-F557-459E-BD10-B40BCD100D70}.Release|Any CPU.ActiveCfg = Release|Any CPU
		{3EF73B1B-F557-459E-BD10-B40BCD100D70}.Release|Any CPU.Build.0 = Release|Any CPU
	EndGlobalSection
	GlobalSection(NestedProjects) = preSolution
		{1DA30603-224D-40D4-B84A-7592857BAD0A} = {3505ED5A-BAF6-4E27-8B39-5405603ACA44}
		{4FCA3A26-A06D-4BB7-9AC4-7495E7BE581B} = {69347111-3774-4E36-A631-F3CF3A951C6A}
		{3EF73B1B-F557-459E-BD10-B40BCD100D70} = {3505ED5A-BAF6-4E27-8B39-5405603ACA44}
	EndGlobalSection
EndGlobal
